// !$*UTF8*$!
{
	archiveVersion = 1;
	classes = {
	};
	objectVersion = 46;
	objects = {

/* Begin PBXBuildFile section */
		286102C31ACFD5E800BF1E1D /* AppDelegate.swift in Sources */ = {isa = PBXBuildFile; fileRef = 286102C21ACFD5E800BF1E1D /* AppDelegate.swift */; };
		286102C51ACFD5E800BF1E1D /* ViewController.swift in Sources */ = {isa = PBXBuildFile; fileRef = 286102C41ACFD5E800BF1E1D /* ViewController.swift */; };
		286102C81ACFD5E800BF1E1D /* Main.storyboard in Resources */ = {isa = PBXBuildFile; fileRef = 286102C61ACFD5E800BF1E1D /* Main.storyboard */; };
		286102CA1ACFD5E800BF1E1D /* Images.xcassets in Resources */ = {isa = PBXBuildFile; fileRef = 286102C91ACFD5E800BF1E1D /* Images.xcassets */; };
		286102CD1ACFD5E800BF1E1D /* LaunchScreen.xib in Resources */ = {isa = PBXBuildFile; fileRef = 286102CB1ACFD5E800BF1E1D /* LaunchScreen.xib */; };
		286102D91ACFD5E800BF1E1D /* GrabItForMeTests.swift in Sources */ = {isa = PBXBuildFile; fileRef = 286102D81ACFD5E800BF1E1D /* GrabItForMeTests.swift */; };
/* End PBXBuildFile section */

/* Begin PBXContainerItemProxy section */
		286102D31ACFD5E800BF1E1D /* PBXContainerItemProxy */ = {
			isa = PBXContainerItemProxy;
			containerPortal = 286102B51ACFD5E800BF1E1D /* Project object */;
			proxyType = 1;
			remoteGlobalIDString = 286102BC1ACFD5E800BF1E1D;
			remoteInfo = GrabItForMe;
		};
/* End PBXContainerItemProxy section */

/* Begin PBXFileReference section */
		286102BD1ACFD5E800BF1E1D /* GrabItForMe.app */ = {isa = PBXFileReference; explicitFileType = wrapper.application; includeInIndex = 0; path = GrabItForMe.app; sourceTree = BUILT_PRODUCTS_DIR; };
		286102C11ACFD5E800BF1E1D /* Info.plist */ = {isa = PBXFileReference; lastKnownFileType = text.plist.xml; path = Info.plist; sourceTree = "<group>"; };
		286102C21ACFD5E800BF1E1D /* AppDelegate.swift */ = {isa = PBXFileReference; lastKnownFileType = sourcecode.swift; path = AppDelegate.swift; sourceTree = "<group>"; };
		286102C41ACFD5E800BF1E1D /* ViewController.swift */ = {isa = PBXFileReference; lastKnownFileType = sourcecode.swift; path = ViewController.swift; sourceTree = "<group>"; };
		286102C71ACFD5E800BF1E1D /* Base */ = {isa = PBXFileReference; lastKnownFileType = file.storyboard; name = Base; path = Base.lproj/Main.storyboard; sourceTree = "<group>"; };
		286102C91ACFD5E800BF1E1D /* Images.xcassets */ = {isa = PBXFileReference; lastKnownFileType = folder.assetcatalog; path = Images.xcassets; sourceTree = "<group>"; };
		286102CC1ACFD5E800BF1E1D /* Base */ = {isa = PBXFileReference; lastKnownFileType = file.xib; name = Base; path = Base.lproj/LaunchScreen.xib; sourceTree = "<group>"; };
		286102D21ACFD5E800BF1E1D /* GrabItForMeTests.xctest */ = {isa = PBXFileReference; explicitFileType = wrapper.cfbundle; includeInIndex = 0; path = GrabItForMeTests.xctest; sourceTree = BUILT_PRODUCTS_DIR; };
		286102D71ACFD5E800BF1E1D /* Info.plist */ = {isa = PBXFileReference; lastKnownFileType = text.plist.xml; path = Info.plist; sourceTree = "<group>"; };
		286102D81ACFD5E800BF1E1D /* GrabItForMeTests.swift */ = {isa = PBXFileReference; lastKnownFileType = sourcecode.swift; path = GrabItForMeTests.swift; sourceTree = "<group>"; };
/* End PBXFileReference section */

/* Begin PBXFrameworksBuildPhase section */
		286102BA1ACFD5E800BF1E1D /* Frameworks */ = {
			isa = PBXFrameworksBuildPhase;
			buildActionMask = 2147483647;
			files = (
			);
			runOnlyForDeploymentPostprocessing = 0;
		};
		286102CF1ACFD5E800BF1E1D /* Frameworks */ = {
			isa = PBXFrameworksBuildPhase;
			buildActionMask = 2147483647;
			files = (
			);
			runOnlyForDeploymentPostprocessing = 0;
		};
/* End PBXFrameworksBuildPhase section */

/* Begin PBXGroup section */
		286102B41ACFD5E800BF1E1D = {
			isa = PBXGroup;
			children = (
				286102BF1ACFD5E800BF1E1D /* GrabItForMe */,
				286102D51ACFD5E800BF1E1D /* GrabItForMeTests */,
				286102BE1ACFD5E800BF1E1D /* Products */,
			);
			sourceTree = "<group>";
		};
		286102BE1ACFD5E800BF1E1D /* Products */ = {
			isa = PBXGroup;
			children = (
				286102BD1ACFD5E800BF1E1D /* GrabItForMe.app */,
				286102D21ACFD5E800BF1E1D /* GrabItForMeTests.xctest */,
			);
			name = Products;
			sourceTree = "<group>";
		};
		286102BF1ACFD5E800BF1E1D /* GrabItForMe */ = {
			isa = PBXGroup;
			children = (
				286102C21ACFD5E800BF1E1D /* AppDelegate.swift */,
				286102C41ACFD5E800BF1E1D /* ViewController.swift */,
				286102C61ACFD5E800BF1E1D /* Main.storyboard */,
				286102C91ACFD5E800BF1E1D /* Images.xcassets */,
				286102CB1ACFD5E800BF1E1D /* LaunchScreen.xib */,
				286102C01ACFD5E800BF1E1D /* Supporting Files */,
			);
			path = GrabItForMe;
			sourceTree = "<group>";
		};
		286102C01ACFD5E800BF1E1D /* Supporting Files */ = {
			isa = PBXGroup;
			children = (
				286102C11ACFD5E800BF1E1D /* Info.plist */,
			);
			name = "Supporting Files";
			sourceTree = "<group>";
		};
		286102D51ACFD5E800BF1E1D /* GrabItForMeTests */ = {
			isa = PBXGroup;
			children = (
				286102D81ACFD5E800BF1E1D /* GrabItForMeTests.swift */,
				286102D61ACFD5E800BF1E1D /* Supporting Files */,
			);
			path = GrabItForMeTests;
			sourceTree = "<group>";
		};
		286102D61ACFD5E800BF1E1D /* Supporting Files */ = {
			isa = PBXGroup;
			children = (
				286102D71ACFD5E800BF1E1D /* Info.plist */,
			);
			name = "Supporting Files";
			sourceTree = "<group>";
		};
/* End PBXGroup section */

/* Begin PBXNativeTarget section */
		286102BC1ACFD5E800BF1E1D /* GrabItForMe */ = {
			isa = PBXNativeTarget;
			buildConfigurationList = 286102DC1ACFD5E800BF1E1D /* Build configuration list for PBXNativeTarget "GrabItForMe" */;
			buildPhases = (
				286102B91ACFD5E800BF1E1D /* Sources */,
				286102BA1ACFD5E800BF1E1D /* Frameworks */,
				286102BB1ACFD5E800BF1E1D /* Resources */,
			);
			buildRules = (
			);
			dependencies = (
			);
			name = GrabItForMe;
			productName = GrabItForMe;
			productReference = 286102BD1ACFD5E800BF1E1D /* GrabItForMe.app */;
			productType = "com.apple.product-type.application";
		};
		286102D11ACFD5E800BF1E1D /* GrabItForMeTests */ = {
			isa = PBXNativeTarget;
			buildConfigurationList = 286102DF1ACFD5E800BF1E1D /* Build configuration list for PBXNativeTarget "GrabItForMeTests" */;
			buildPhases = (
				286102CE1ACFD5E800BF1E1D /* Sources */,
				286102CF1ACFD5E800BF1E1D /* Frameworks */,
				286102D01ACFD5E800BF1E1D /* Resources */,
			);
			buildRules = (
			);
			dependencies = (
				286102D41ACFD5E800BF1E1D /* PBXTargetDependency */,
			);
			name = GrabItForMeTests;
			productName = GrabItForMeTests;
			productReference = 286102D21ACFD5E800BF1E1D /* GrabItForMeTests.xctest */;
			productType = "com.apple.product-type.bundle.unit-test";
		};
/* End PBXNativeTarget section */

/* Begin PBXProject section */
		286102B51ACFD5E800BF1E1D /* Project object */ = {
			isa = PBXProject;
			attributes = {
				LastUpgradeCheck = 0620;
				ORGANIZATIONNAME = ZJG;
				TargetAttributes = {
					286102BC1ACFD5E800BF1E1D = {
						CreatedOnToolsVersion = 6.2;
					};
					286102D11ACFD5E800BF1E1D = {
						CreatedOnToolsVersion = 6.2;
						TestTargetID = 286102BC1ACFD5E800BF1E1D;
					};
				};
			};
			buildConfigurationList = 286102B81ACFD5E800BF1E1D /* Build configuration list for PBXProject "GrabItForMe" */;
			compatibilityVersion = "Xcode 3.2";
			developmentRegion = English;
			hasScannedForEncodings = 0;
			knownRegions = (
				en,
				Base,
			);
			mainGroup = 286102B41ACFD5E800BF1E1D;
			productRefGroup = 286102BE1ACFD5E800BF1E1D /* Products */;
			projectDirPath = "";
			projectRoot = "";
			targets = (
				286102BC1ACFD5E800BF1E1D /* GrabItForMe */,
				286102D11ACFD5E800BF1E1D /* GrabItForMeTests */,
			);
		};
/* End PBXProject section */

/* Begin PBXResourcesBuildPhase section */
		286102BB1ACFD5E800BF1E1D /* Resources */ = {
			isa = PBXResourcesBuildPhase;
			buildActionMask = 2147483647;
			files = (
				286102C81ACFD5E800BF1E1D /* Main.storyboard in Resources */,
				286102CD1ACFD5E800BF1E1D /* LaunchScreen.xib in Resources */,
				286102CA1ACFD5E800BF1E1D /* Images.xcassets in Resources */,
			);
			runOnlyForDeploymentPostprocessing = 0;
		};
		286102D01ACFD5E800BF1E1D /* Resources */ = {
			isa = PBXResourcesBuildPhase;
			buildActionMask = 2147483647;
			files = (
			);
			runOnlyForDeploymentPostprocessing = 0;
		};
/* End PBXResourcesBuildPhase section */

/* Begin PBXSourcesBuildPhase section */
		286102B91ACFD5E800BF1E1D /* Sources */ = {
			isa = PBXSourcesBuildPhase;
			buildActionMask = 2147483647;
			files = (
				286102C51ACFD5E800BF1E1D /* ViewController.swift in Sources */,
				286102C31ACFD5E800BF1E1D /* AppDelegate.swift in Sources */,
			);
			runOnlyForDeploymentPostprocessing = 0;
		};
		286102CE1ACFD5E800BF1E1D /* Sources */ = {
			isa = PBXSourcesBuildPhase;
			buildActionMask = 2147483647;
			files = (
				286102D91ACFD5E800BF1E1D /* GrabItForMeTests.swift in Sources */,
			);
			runOnlyForDeploymentPostprocessing = 0;
		};
/* End PBXSourcesBuildPhase section */

/* Begin PBXTargetDependency section */
		286102D41ACFD5E800BF1E1D /* PBXTargetDependency */ = {
			isa = PBXTargetDependency;
			target = 286102BC1ACFD5E800BF1E1D /* GrabItForMe */;
			targetProxy = 286102D31ACFD5E800BF1E1D /* PBXContainerItemProxy */;
		};
/* End PBXTargetDependency section */

/* Begin PBXVariantGroup section */
		286102C61ACFD5E800BF1E1D /* Main.storyboard */ = {
			isa = PBXVariantGroup;
			children = (
				286102C71ACFD5E800BF1E1D /* Base */,
			);
			name = Main.storyboard;
			sourceTree = "<group>";
		};
		286102CB1ACFD5E800BF1E1D /* LaunchScreen.xib */ = {
			isa = PBXVariantGroup;
			children = (
				286102CC1ACFD5E800BF1E1D /* Base */,
			);
			name = LaunchScreen.xib;
			sourceTree = "<group>";
		};
/* End PBXVariantGroup section */

/* Begin XCBuildConfiguration section */
		286102DA1ACFD5E800BF1E1D /* Debug */ = {
			isa = XCBuildConfiguration;
			buildSettings = {
				ALWAYS_SEARCH_USER_PATHS = NO;
				CLANG_CXX_LANGUAGE_STANDARD = "gnu++0x";
				CLANG_CXX_LIBRARY = "libc++";
				CLANG_ENABLE_MODULES = YES;
				CLANG_ENABLE_OBJC_ARC = YES;
				CLANG_WARN_BOOL_CONVERSION = YES;
				CLANG_WARN_CONSTANT_CONVERSION = YES;
				CLANG_WARN_DIRECT_OBJC_ISA_USAGE = YES_ERROR;
				CLANG_WARN_EMPTY_BODY = YES;
				CLANG_WARN_ENUM_CONVERSION = YES;
				CLANG_WARN_INT_CONVERSION = YES;
				CLANG_WARN_OBJC_ROOT_CLASS = YES_ERROR;
				CLANG_WARN_UNREACHABLE_CODE = YES;
				CLANG_WARN__DUPLICATE_METHOD_MATCH = YES;
				"CODE_SIGN_IDENTITY[sdk=iphoneos*]" = "iPhone Developer";
				COPY_PHASE_STRIP = NO;
				ENABLE_STRICT_OBJC_MSGSEND = YES;
				GCC_C_LANGUAGE_STANDARD = gnu99;
				GCC_DYNAMIC_NO_PIC = NO;
				GCC_OPTIMIZATION_LEVEL = 0;
				GCC_PREPROCESSOR_DEFINITIONS = (
					"DEBUG=1",
					"$(inherited)",
				);
				GCC_SYMBOLS_PRIVATE_EXTERN = NO;
				GCC_WARN_64_TO_32_BIT_CONVERSION = YES;
				GCC_WARN_ABOUT_RETURN_TYPE = YES_ERROR;
				GCC_WARN_UNDECLARED_SELECTOR = YES;
				GCC_WARN_UNINITIALIZED_AUTOS = YES_AGGRESSIVE;
				GCC_WARN_UNUSED_FUNCTION = YES;
				GCC_WARN_UNUSED_VARIABLE = YES;
				IPHONEOS_DEPLOYMENT_TARGET = 8.2;
				MTL_ENABLE_DEBUG_INFO = YES;
				ONLY_ACTIVE_ARCH = YES;
				SDKROOT = iphoneos;
				SWIFT_OPTIMIZATION_LEVEL = "-Onone";
			};
			name = Debug;
		};
		286102DB1ACFD5E800BF1E1D /* Release */ = {
			isa = XCBuildConfiguration;
			buildSettings = {
				ALWAYS_SEARCH_USER_PATHS = NO;
				CLANG_CXX_LANGUAGE_STANDARD = "gnu++0x";
				CLANG_CXX_LIBRARY = "libc++";
				CLANG_ENABLE_MODULES = YES;
				CLANG_ENABLE_OBJC_ARC = YES;
				CLANG_WARN_BOOL_CONVERSION = YES;
				CLANG_WARN_CONSTANT_CONVERSION = YES;
				CLANG_WARN_DIRECT_OBJC_ISA_USAGE = YES_ERROR;
				CLANG_WARN_EMPTY_BODY = YES;
				CLANG_WARN_ENUM_CONVERSION = YES;
				CLANG_WARN_INT_CONVERSION = YES;
				CLANG_WARN_OBJC_ROOT_CLASS = YES_ERROR;
				CLANG_WARN_UNREACHABLE_CODE = YES;
				CLANG_WARN__DUPLICATE_METHOD_MATCH = YES;
				"CODE_SIGN_IDENTITY[sdk=iphoneos*]" = "iPhone Developer";
				COPY_PHASE_STRIP = NO;
				ENABLE_NS_ASSERTIONS = NO;
				ENABLE_STRICT_OBJC_MSGSEND = YES;
				GCC_C_LANGUAGE_STANDARD = gnu99;
				GCC_WARN_64_TO_32_BIT_CONVERSION = YES;
				GCC_WARN_ABOUT_RETURN_TYPE = YES_ERROR;
				GCC_WARN_UNDECLARED_SELECTOR = YES;
				GCC_WARN_UNINITIALIZED_AUTOS = YES_AGGRESSIVE;
				GCC_WARN_UNUSED_FUNCTION = YES;
				GCC_WARN_UNUSED_VARIABLE = YES;
				IPHONEOS_DEPLOYMENT_TARGET = 8.2;
				MTL_ENABLE_DEBUG_INFO = NO;
				SDKROOT = iphoneos;
				VALIDATE_PRODUCT = YES;
			};
			name = Release;
		};
		286102DD1ACFD5E800BF1E1D /* Debug */ = {
			isa = XCBuildConfiguration;
			buildSettings = {
				ASSETCATALOG_COMPILER_APPICON_NAME = AppIcon;
				INFOPLIST_FILE = GrabItForMe/Info.plist;
				LD_RUNPATH_SEARCH_PATHS = "$(inherited) @executable_path/Frameworks";
				PRODUCT_NAME = "$(TARGET_NAME)";
			};
			name = Debug;
		};
		286102DE1ACFD5E800BF1E1D /* Release */ = {
			isa = XCBuildConfiguration;
			buildSettings = {
				ASSETCATALOG_COMPILER_APPICON_NAME = AppIcon;
				INFOPLIST_FILE = GrabItForMe/Info.plist;
				LD_RUNPATH_SEARCH_PATHS = "$(inherited) @executable_path/Frameworks";
				PRODUCT_NAME = "$(TARGET_NAME)";
			};
			name = Release;
		};
		286102E01ACFD5E800BF1E1D /* Debug */ = {
			isa = XCBuildConfiguration;
			buildSettings = {
				BUNDLE_LOADER = "$(TEST_HOST)";
				FRAMEWORK_SEARCH_PATHS = (
					"$(SDKROOT)/Developer/Library/Frameworks",
					"$(inherited)",
				);
				GCC_PREPROCESSOR_DEFINITIONS = (
					"DEBUG=1",
					"$(inherited)",
				);
				INFOPLIST_FILE = GrabItForMeTests/Info.plist;
				LD_RUNPATH_SEARCH_PATHS = "$(inherited) @executable_path/Frameworks @loader_path/Frameworks";
				PRODUCT_NAME = "$(TARGET_NAME)";
				TEST_HOST = "$(BUILT_PRODUCTS_DIR)/GrabItForMe.app/GrabItForMe";
			};
			name = Debug;
		};
		286102E11ACFD5E800BF1E1D /* Release */ = {
			isa = XCBuildConfiguration;
			buildSettings = {
				BUNDLE_LOADER = "$(TEST_HOST)";
				FRAMEWORK_SEARCH_PATHS = (
					"$(SDKROOT)/Developer/Library/Frameworks",
					"$(inherited)",
				);
				INFOPLIST_FILE = GrabItForMeTests/Info.plist;
				LD_RUNPATH_SEARCH_PATHS = "$(inherited) @executable_path/Frameworks @loader_path/Frameworks";
				PRODUCT_NAME = "$(TARGET_NAME)";
				TEST_HOST = "$(BUILT_PRODUCTS_DIR)/GrabItForMe.app/GrabItForMe";
			};
			name = Release;
		};
/* End XCBuildConfiguration section */

/* Begin XCConfigurationList section */
		286102B81ACFD5E800BF1E1D /* Build configuration list for PBXProject "GrabItForMe" */ = {
			isa = XCConfigurationList;
			buildConfigurations = (
				286102DA1ACFD5E800BF1E1D /* Debug */,
				286102DB1ACFD5E800BF1E1D /* Release */,
			);
			defaultConfigurationIsVisible = 0;
			defaultConfigurationName = Release;
		};
		286102DC1ACFD5E800BF1E1D /* Build configuration list for PBXNativeTarget "GrabItForMe" */ = {
			isa = XCConfigurationList;
			buildConfigurations = (
				286102DD1ACFD5E800BF1E1D /* Debug */,
				286102DE1ACFD5E800BF1E1D /* Release */,
			);
			defaultConfigurationIsVisible = 0;
		};
		286102DF1ACFD5E800BF1E1D /* Build configuration list for PBXNativeTarget "GrabItForMeTests" */ = {
			isa = XCConfigurationList;
			buildConfigurations = (
				286102E01ACFD5E800BF1E1D /* Debug */,
				286102E11ACFD5E800BF1E1D /* Release */,
			);
			defaultConfigurationIsVisible = 0;
		};
/* End XCConfigurationList section */
	};
	rootObject = 286102B51ACFD5E800BF1E1D /* Project object */;
}
